
Microsoft Visual Studio Solution File, Format Version 12.00
# Visual Studio Version 17
VisualStudioVersion = 17.5.33530.505
MinimumVisualStudioVersion = 10.0.40219.1
Project("{FAE04EC0-301F-11D3-BF4B-00C04F79EFBC}") = "Eterna2WithDb", "Eterna2WithDb\Eterna2WithDb.csproj", "{0DCFF7A0-F2F1-46EF-A47F-21096E39AA84}"
EndProject
Global
	GlobalSection(SolutionConfigurationPlatforms) = preSolution
		Debug|Any CPU = Debug|Any CPU
		Release|Any CPU = Release|Any CPU
	EndGlobalSection
	GlobalSection(ProjectConfigurationPlatforms) = postSolution
		{0DCFF7A0-F2F1-46EF-A47F-21096E39AA84}.Debug|Any CPU.ActiveCfg = Debug|Any CPU
		{0DCFF7A0-F2F1-46EF-A47F-21096E39AA84}.Debug|Any CPU.Build.0 = Debug|Any CPU
		{0DCFF7A0-F2F1-46EF-A47F-21096E39AA84}.Release|Any CPU.ActiveCfg = Release|Any CPU
		{0DCFF7A0-F2F1-46EF-A47F-21096E39AA84}.Release|Any CPU.Build.0 = Release|Any CPU
	EndGlobalSection
	GlobalSection(SolutionProperties) = preSolution
		HideSolutionNode = FALSE
	EndGlobalSection
	GlobalSection(ExtensibilityGlobals) = postSolution
		SolutionGuid = {6AC6C175-1040-4C1D-8A84-277A3E5652F6}
	EndGlobalSection
EndGlobal
